
Microsoft Visual Studio Solution File, Format Version 12.00
# Visual Studio Version 17
VisualStudioVersion = 17.0.31903.59
MinimumVisualStudioVersion = 10.0.40219.1
Project("{FAE04EC0-301F-11D3-BF4B-00C04F79EFBC}") = "Evento.Api", "Evento.Api\Evento.Api.csproj", "{77819714-DA8A-457C-85AC-C7020DCECF70}"
EndProject
Project("{FAE04EC0-301F-11D3-BF4B-00C04F79EFBC}") = "Evento.Infrastructure", "Evento.Infrastructure\Evento.Infrastructure.csproj", "{5B23E3CD-BCC6-4EAE-B1B4-4264FF20B80B}"
EndProject
Project("{FAE04EC0-301F-11D3-BF4B-00C04F79EFBC}") = "Evento.Core", "Evento.Core\Evento.Core.csproj", "{2BF68349-1A35-430D-B618-B75A0CDD871D}"
EndProject
Global
	GlobalSection(SolutionConfigurationPlatforms) = preSolution
		Debug|Any CPU = Debug|Any CPU
		Release|Any CPU = Release|Any CPU
	EndGlobalSection
	GlobalSection(SolutionProperties) = preSolution
		HideSolutionNode = FALSE
	EndGlobalSection
	GlobalSection(ProjectConfigurationPlatforms) = postSolution
		{77819714-DA8A-457C-85AC-C7020DCECF70}.Debug|Any CPU.ActiveCfg = Debug|Any CPU
		{77819714-DA8A-457C-85AC-C7020DCECF70}.Debug|Any CPU.Build.0 = Debug|Any CPU
		{77819714-DA8A-457C-85AC-C7020DCECF70}.Release|Any CPU.ActiveCfg = Release|Any CPU
		{77819714-DA8A-457C-85AC-C7020DCECF70}.Release|Any CPU.Build.0 = Release|Any CPU
		{5B23E3CD-BCC6-4EAE-B1B4-4264FF20B80B}.Debug|Any CPU.ActiveCfg = Debug|Any CPU
		{5B23E3CD-BCC6-4EAE-B1B4-4264FF20B80B}.Debug|Any CPU.Build.0 = Debug|Any CPU
		{5B23E3CD-BCC6-4EAE-B1B4-4264FF20B80B}.Release|Any CPU.ActiveCfg = Release|Any CPU
		{5B23E3CD-BCC6-4EAE-B1B4-4264FF20B80B}.Release|Any CPU.Build.0 = Release|Any CPU
		{2BF68349-1A35-430D-B618-B75A0CDD871D}.Debug|Any CPU.ActiveCfg = Debug|Any CPU
		{2BF68349-1A35-430D-B618-B75A0CDD871D}.Debug|Any CPU.Build.0 = Debug|Any CPU
		{2BF68349-1A35-430D-B618-B75A0CDD871D}.Release|Any CPU.ActiveCfg = Release|Any CPU
		{2BF68349-1A35-430D-B618-B75A0CDD871D}.Release|Any CPU.Build.0 = Release|Any CPU
	EndGlobalSection
EndGlobal
