
Microsoft Visual Studio Solution File, Format Version 12.00
# Visual Studio Version 17
VisualStudioVersion = 17.5.002.0
MinimumVisualStudioVersion = 10.0.40219.1
Project("{9A19103F-16F7-4668-BE54-9A1E7A4F7556}") = "Evento.Api", "Evento.Api.csproj", "{DB5C468B-C190-4104-B59E-DCBEF10E0953}"
EndProject
Global
	GlobalSection(SolutionConfigurationPlatforms) = preSolution
		Debug|Any CPU = Debug|Any CPU
		Release|Any CPU = Release|Any CPU
	EndGlobalSection
	GlobalSection(ProjectConfigurationPlatforms) = postSolution
		{DB5C468B-C190-4104-B59E-DCBEF10E0953}.Debug|Any CPU.ActiveCfg = Debug|Any CPU
		{DB5C468B-C190-4104-B59E-DCBEF10E0953}.Debug|Any CPU.Build.0 = Debug|Any CPU
		{DB5C468B-C190-4104-B59E-DCBEF10E0953}.Release|Any CPU.ActiveCfg = Release|Any CPU
		{DB5C468B-C190-4104-B59E-DCBEF10E0953}.Release|Any CPU.Build.0 = Release|Any CPU
	EndGlobalSection
	GlobalSection(SolutionProperties) = preSolution
		HideSolutionNode = FALSE
	EndGlobalSection
	GlobalSection(ExtensibilityGlobals) = postSolution
		SolutionGuid = {2DA26FD1-7644-4526-9010-76F44460EA94}
	EndGlobalSection
EndGlobal
